// !$*UTF8*$!
{
	archiveVersion = 1;
	classes = {
	};
	objectVersion = 50;
	objects = {

/* Begin PBXBuildFile section */
		91127BF123A392CA0098CAFE /* BusinessLogic.framework in Frameworks */ = {isa = PBXBuildFile; fileRef = 91127BE723A392CA0098CAFE /* BusinessLogic.framework */; };
		91127BF823A392CA0098CAFE /* BusinessLogic.h in Headers */ = {isa = PBXBuildFile; fileRef = 91127BEA23A392CA0098CAFE /* BusinessLogic.h */; settings = {ATTRIBUTES = (Public, ); }; };
		91127C0F23A395610098CAFE /* BusinessLogic.framework in Frameworks */ = {isa = PBXBuildFile; fileRef = 91127C0623A395610098CAFE /* BusinessLogic.framework */; };
		91127C1F23A396D50098CAFE /* BusinessLogic.h in Headers */ = {isa = PBXBuildFile; fileRef = 91127BEA23A392CA0098CAFE /* BusinessLogic.h */; settings = {ATTRIBUTES = (Public, ); }; };
		91127C9423A3AEB10098CAFE /* Place.swift in Sources */ = {isa = PBXBuildFile; fileRef = 91127C9323A3AEB10098CAFE /* Place.swift */; };
		91127C9523A3AEB10098CAFE /* Place.swift in Sources */ = {isa = PBXBuildFile; fileRef = 91127C9323A3AEB10098CAFE /* Place.swift */; };
		91127C9823A3AF700098CAFE /* PlaceCoordinate.swift in Sources */ = {isa = PBXBuildFile; fileRef = 91127C9723A3AF700098CAFE /* PlaceCoordinate.swift */; };
		91127C9923A3AF700098CAFE /* PlaceCoordinate.swift in Sources */ = {isa = PBXBuildFile; fileRef = 91127C9723A3AF700098CAFE /* PlaceCoordinate.swift */; };
		91127C9B23A3AF9B0098CAFE /* PlaceInteractor.swift in Sources */ = {isa = PBXBuildFile; fileRef = 91127C9A23A3AF9B0098CAFE /* PlaceInteractor.swift */; };
		91127C9C23A3AF9B0098CAFE /* PlaceInteractor.swift in Sources */ = {isa = PBXBuildFile; fileRef = 91127C9A23A3AF9B0098CAFE /* PlaceInteractor.swift */; };
		911F8DF723E049F600B9B48B /* EditHabitDatasInteractor.swift in Sources */ = {isa = PBXBuildFile; fileRef = 911F8DF623E049F600B9B48B /* EditHabitDatasInteractor.swift */; };
		911F8DF823E049F600B9B48B /* EditHabitDatasInteractor.swift in Sources */ = {isa = PBXBuildFile; fileRef = 911F8DF623E049F600B9B48B /* EditHabitDatasInteractor.swift */; };
		911F8DFA23E0583C00B9B48B /* HabitsArea.swift in Sources */ = {isa = PBXBuildFile; fileRef = 911F8DF923E0583C00B9B48B /* HabitsArea.swift */; };
		911F8DFB23E0583C00B9B48B /* HabitsArea.swift in Sources */ = {isa = PBXBuildFile; fileRef = 911F8DF923E0583C00B9B48B /* HabitsArea.swift */; };
		911F8DFD23E0586100B9B48B /* Habit.swift in Sources */ = {isa = PBXBuildFile; fileRef = 911F8DFC23E0586100B9B48B /* Habit.swift */; };
		911F8DFE23E0586100B9B48B /* Habit.swift in Sources */ = {isa = PBXBuildFile; fileRef = 911F8DFC23E0586100B9B48B /* Habit.swift */; };
		911F8E0023E058EF00B9B48B /* HabitData.swift in Sources */ = {isa = PBXBuildFile; fileRef = 911F8DFF23E058EF00B9B48B /* HabitData.swift */; };
		911F8E0123E058EF00B9B48B /* HabitData.swift in Sources */ = {isa = PBXBuildFile; fileRef = 911F8DFF23E058EF00B9B48B /* HabitData.swift */; };
		91AB45EE23DB359600EDD45D /* EditHabitsAreaInteractorTests.swift in Sources */ = {isa = PBXBuildFile; fileRef = 91AB45ED23DB359600EDD45D /* EditHabitsAreaInteractorTests.swift */; };
		91AB45EF23DB359600EDD45D /* EditHabitsAreaInteractorTests.swift in Sources */ = {isa = PBXBuildFile; fileRef = 91AB45ED23DB359600EDD45D /* EditHabitsAreaInteractorTests.swift */; };
		91AB45F123DB35DC00EDD45D /* EditHabitsAreaInteractor.swift in Sources */ = {isa = PBXBuildFile; fileRef = 91AB45F023DB35DC00EDD45D /* EditHabitsAreaInteractor.swift */; };
		91AB45F223DB35DC00EDD45D /* EditHabitsAreaInteractor.swift in Sources */ = {isa = PBXBuildFile; fileRef = 91AB45F023DB35DC00EDD45D /* EditHabitsAreaInteractor.swift */; };
		91AB45F423DB455C00EDD45D /* EditHabitDatasInteractorTests.swift in Sources */ = {isa = PBXBuildFile; fileRef = 91AB45F323DB455C00EDD45D /* EditHabitDatasInteractorTests.swift */; };
		91AB45F523DB455C00EDD45D /* EditHabitDatasInteractorTests.swift in Sources */ = {isa = PBXBuildFile; fileRef = 91AB45F323DB455C00EDD45D /* EditHabitDatasInteractorTests.swift */; };
		91D6C19123A78CB400730E2D /* PlaceInteractorTests.swift in Sources */ = {isa = PBXBuildFile; fileRef = 91D6C19023A78CB400730E2D /* PlaceInteractorTests.swift */; };
		91D6C19223A78CB400730E2D /* PlaceInteractorTests.swift in Sources */ = {isa = PBXBuildFile; fileRef = 91D6C19023A78CB400730E2D /* PlaceInteractorTests.swift */; };
/* End PBXBuildFile section */

/* Begin PBXContainerItemProxy section */
		91127BF223A392CA0098CAFE /* PBXContainerItemProxy */ = {
			isa = PBXContainerItemProxy;
			containerPortal = 91127BDE23A392CA0098CAFE /* Project object */;
			proxyType = 1;
			remoteGlobalIDString = 91127BE623A392CA0098CAFE;
			remoteInfo = BusinessLogic;
		};
		91127C1023A395610098CAFE /* PBXContainerItemProxy */ = {
			isa = PBXContainerItemProxy;
			containerPortal = 91127BDE23A392CA0098CAFE /* Project object */;
			proxyType = 1;
			remoteGlobalIDString = 91127C0523A395610098CAFE;
			remoteInfo = BusinessLogic_iOS;
		};
/* End PBXContainerItemProxy section */

/* Begin PBXFileReference section */
		91127BE723A392CA0098CAFE /* BusinessLogic.framework */ = {isa = PBXFileReference; explicitFileType = wrapper.framework; includeInIndex = 0; path = BusinessLogic.framework; sourceTree = BUILT_PRODUCTS_DIR; };
		91127BEA23A392CA0098CAFE /* BusinessLogic.h */ = {isa = PBXFileReference; lastKnownFileType = sourcecode.c.h; path = BusinessLogic.h; sourceTree = "<group>"; };
		91127BEB23A392CA0098CAFE /* Info.plist */ = {isa = PBXFileReference; lastKnownFileType = text.plist.xml; path = Info.plist; sourceTree = "<group>"; };
		91127BF023A392CA0098CAFE /* BusinessLogicTests.xctest */ = {isa = PBXFileReference; explicitFileType = wrapper.cfbundle; includeInIndex = 0; path = BusinessLogicTests.xctest; sourceTree = BUILT_PRODUCTS_DIR; };
		91127BF723A392CA0098CAFE /* Info.plist */ = {isa = PBXFileReference; lastKnownFileType = text.plist.xml; path = Info.plist; sourceTree = "<group>"; };
		91127C0623A395610098CAFE /* BusinessLogic.framework */ = {isa = PBXFileReference; explicitFileType = wrapper.framework; includeInIndex = 0; path = BusinessLogic.framework; sourceTree = BUILT_PRODUCTS_DIR; };
		91127C0E23A395610098CAFE /* BusinessLogicTests.xctest */ = {isa = PBXFileReference; explicitFileType = wrapper.cfbundle; includeInIndex = 0; path = BusinessLogicTests.xctest; sourceTree = BUILT_PRODUCTS_DIR; };
		91127C9323A3AEB10098CAFE /* Place.swift */ = {isa = PBXFileReference; lastKnownFileType = sourcecode.swift; path = Place.swift; sourceTree = "<group>"; };
		91127C9723A3AF700098CAFE /* PlaceCoordinate.swift */ = {isa = PBXFileReference; lastKnownFileType = sourcecode.swift; path = PlaceCoordinate.swift; sourceTree = "<group>"; };
		91127C9A23A3AF9B0098CAFE /* PlaceInteractor.swift */ = {isa = PBXFileReference; lastKnownFileType = sourcecode.swift; path = PlaceInteractor.swift; sourceTree = "<group>"; };
		911F8DF623E049F600B9B48B /* EditHabitDatasInteractor.swift */ = {isa = PBXFileReference; lastKnownFileType = sourcecode.swift; path = EditHabitDatasInteractor.swift; sourceTree = "<group>"; };
		911F8DF923E0583C00B9B48B /* HabitsArea.swift */ = {isa = PBXFileReference; lastKnownFileType = sourcecode.swift; path = HabitsArea.swift; sourceTree = "<group>"; };
		911F8DFC23E0586100B9B48B /* Habit.swift */ = {isa = PBXFileReference; lastKnownFileType = sourcecode.swift; path = Habit.swift; sourceTree = "<group>"; };
		911F8DFF23E058EF00B9B48B /* HabitData.swift */ = {isa = PBXFileReference; lastKnownFileType = sourcecode.swift; path = HabitData.swift; sourceTree = "<group>"; };
		91AB45ED23DB359600EDD45D /* EditHabitsAreaInteractorTests.swift */ = {isa = PBXFileReference; lastKnownFileType = sourcecode.swift; path = EditHabitsAreaInteractorTests.swift; sourceTree = "<group>"; };
		91AB45F023DB35DC00EDD45D /* EditHabitsAreaInteractor.swift */ = {isa = PBXFileReference; lastKnownFileType = sourcecode.swift; path = EditHabitsAreaInteractor.swift; sourceTree = "<group>"; };
		91AB45F323DB455C00EDD45D /* EditHabitDatasInteractorTests.swift */ = {isa = PBXFileReference; lastKnownFileType = sourcecode.swift; path = EditHabitDatasInteractorTests.swift; sourceTree = "<group>"; };
		91D6C19023A78CB400730E2D /* PlaceInteractorTests.swift */ = {isa = PBXFileReference; lastKnownFileType = sourcecode.swift; path = PlaceInteractorTests.swift; sourceTree = "<group>"; };
/* End PBXFileReference section */

/* Begin PBXFrameworksBuildPhase section */
		91127BE423A392CA0098CAFE /* Frameworks */ = {
			isa = PBXFrameworksBuildPhase;
			buildActionMask = 2147483647;
			files = (
			);
			runOnlyForDeploymentPostprocessing = 0;
		};
		91127BED23A392CA0098CAFE /* Frameworks */ = {
			isa = PBXFrameworksBuildPhase;
			buildActionMask = 2147483647;
			files = (
				91127BF123A392CA0098CAFE /* BusinessLogic.framework in Frameworks */,
			);
			runOnlyForDeploymentPostprocessing = 0;
		};
		91127C0323A395610098CAFE /* Frameworks */ = {
			isa = PBXFrameworksBuildPhase;
			buildActionMask = 2147483647;
			files = (
			);
			runOnlyForDeploymentPostprocessing = 0;
		};
		91127C0B23A395610098CAFE /* Frameworks */ = {
			isa = PBXFrameworksBuildPhase;
			buildActionMask = 2147483647;
			files = (
				91127C0F23A395610098CAFE /* BusinessLogic.framework in Frameworks */,
			);
			runOnlyForDeploymentPostprocessing = 0;
		};
/* End PBXFrameworksBuildPhase section */

/* Begin PBXGroup section */
		91127BDD23A392CA0098CAFE = {
			isa = PBXGroup;
			children = (
				91127BE923A392CA0098CAFE /* BusinessLogic */,
				91127BF423A392CA0098CAFE /* BusinessLogicTests */,
				91127BE823A392CA0098CAFE /* Products */,
			);
			sourceTree = "<group>";
		};
		91127BE823A392CA0098CAFE /* Products */ = {
			isa = PBXGroup;
			children = (
				91127BE723A392CA0098CAFE /* BusinessLogic.framework */,
				91127BF023A392CA0098CAFE /* BusinessLogicTests.xctest */,
				91127C0623A395610098CAFE /* BusinessLogic.framework */,
				91127C0E23A395610098CAFE /* BusinessLogicTests.xctest */,
			);
			name = Products;
			sourceTree = "<group>";
		};
		91127BE923A392CA0098CAFE /* BusinessLogic */ = {
			isa = PBXGroup;
			children = (
				91AB45E823DB341300EDD45D /* ReflectionModule */,
				91127C9223A3AE6D0098CAFE /* PlaceModule */,
				91127BEA23A392CA0098CAFE /* BusinessLogic.h */,
				91127BEB23A392CA0098CAFE /* Info.plist */,
			);
			path = BusinessLogic;
			sourceTree = "<group>";
		};
		91127BF423A392CA0098CAFE /* BusinessLogicTests */ = {
			isa = PBXGroup;
			children = (
				91AB45EB23DB353300EDD45D /* ReflectionModule */,
				91D6C18E23A78C7900730E2D /* PlaceModule */,
				91127BF723A392CA0098CAFE /* Info.plist */,
			);
			path = BusinessLogicTests;
			sourceTree = "<group>";
		};
		91127C9223A3AE6D0098CAFE /* PlaceModule */ = {
			isa = PBXGroup;
			children = (
				91127C9D23A3B0080098CAFE /* Interactor */,
				91127C9623A3AF640098CAFE /* Models */,
			);
			path = PlaceModule;
			sourceTree = "<group>";
		};
		91127C9623A3AF640098CAFE /* Models */ = {
			isa = PBXGroup;
			children = (
				91AB45E323DB2BA800EDD45D /* Place */,
			);
			path = Models;
			sourceTree = "<group>";
		};
		91127C9D23A3B0080098CAFE /* Interactor */ = {
			isa = PBXGroup;
			children = (
				91127C9A23A3AF9B0098CAFE /* PlaceInteractor.swift */,
			);
			path = Interactor;
			sourceTree = "<group>";
		};
		91AB45E323DB2BA800EDD45D /* Place */ = {
			isa = PBXGroup;
			children = (
				91127C9323A3AEB10098CAFE /* Place.swift */,
				91127C9723A3AF700098CAFE /* PlaceCoordinate.swift */,
			);
			path = Place;
			sourceTree = "<group>";
		};
		91AB45E823DB341300EDD45D /* ReflectionModule */ = {
			isa = PBXGroup;
			children = (
				91AB45EA23DB343300EDD45D /* Interactors */,
				91AB45E923DB342500EDD45D /* Models */,
			);
			path = ReflectionModule;
			sourceTree = "<group>";
		};
		91AB45E923DB342500EDD45D /* Models */ = {
			isa = PBXGroup;
			children = (
				911F8DF923E0583C00B9B48B /* HabitsArea.swift */,
				911F8DFC23E0586100B9B48B /* Habit.swift */,
				911F8DFF23E058EF00B9B48B /* HabitData.swift */,
			);
			path = Models;
			sourceTree = "<group>";
		};
		91AB45EA23DB343300EDD45D /* Interactors */ = {
			isa = PBXGroup;
			children = (
				91AB45F023DB35DC00EDD45D /* EditHabitsAreaInteractor.swift */,
				911F8DF623E049F600B9B48B /* EditHabitDatasInteractor.swift */,
			);
			path = Interactors;
			sourceTree = "<group>";
		};
		91AB45EB23DB353300EDD45D /* ReflectionModule */ = {
			isa = PBXGroup;
			children = (
				91AB45EC23DB355500EDD45D /* Interactors */,
			);
			path = ReflectionModule;
			sourceTree = "<group>";
		};
		91AB45EC23DB355500EDD45D /* Interactors */ = {
			isa = PBXGroup;
			children = (
				91AB45ED23DB359600EDD45D /* EditHabitsAreaInteractorTests.swift */,
				91AB45F323DB455C00EDD45D /* EditHabitDatasInteractorTests.swift */,
			);
			path = Interactors;
			sourceTree = "<group>";
		};
		91D6C18E23A78C7900730E2D /* PlaceModule */ = {
			isa = PBXGroup;
			children = (
				91D6C18F23A78C8200730E2D /* Interactor */,
			);
			path = PlaceModule;
			sourceTree = "<group>";
		};
		91D6C18F23A78C8200730E2D /* Interactor */ = {
			isa = PBXGroup;
			children = (
				91D6C19023A78CB400730E2D /* PlaceInteractorTests.swift */,
			);
			path = Interactor;
			sourceTree = "<group>";
		};
/* End PBXGroup section */

/* Begin PBXHeadersBuildPhase section */
		91127BE223A392CA0098CAFE /* Headers */ = {
			isa = PBXHeadersBuildPhase;
			buildActionMask = 2147483647;
			files = (
				91127BF823A392CA0098CAFE /* BusinessLogic.h in Headers */,
			);
			runOnlyForDeploymentPostprocessing = 0;
		};
		91127C0123A395610098CAFE /* Headers */ = {
			isa = PBXHeadersBuildPhase;
			buildActionMask = 2147483647;
			files = (
				91127C1F23A396D50098CAFE /* BusinessLogic.h in Headers */,
			);
			runOnlyForDeploymentPostprocessing = 0;
		};
/* End PBXHeadersBuildPhase section */

/* Begin PBXNativeTarget section */
		91127BE623A392CA0098CAFE /* BusinessLogic */ = {
			isa = PBXNativeTarget;
			buildConfigurationList = 91127BFB23A392CA0098CAFE /* Build configuration list for PBXNativeTarget "BusinessLogic" */;
			buildPhases = (
				91127BE223A392CA0098CAFE /* Headers */,
				91127BE323A392CA0098CAFE /* Sources */,
				91127BE423A392CA0098CAFE /* Frameworks */,
				91127BE523A392CA0098CAFE /* Resources */,
			);
			buildRules = (
			);
			dependencies = (
			);
			name = BusinessLogic;
			productName = BusinessLogic;
			productReference = 91127BE723A392CA0098CAFE /* BusinessLogic.framework */;
			productType = "com.apple.product-type.framework";
		};
		91127BEF23A392CA0098CAFE /* BusinessLogicTests */ = {
			isa = PBXNativeTarget;
			buildConfigurationList = 91127BFE23A392CA0098CAFE /* Build configuration list for PBXNativeTarget "BusinessLogicTests" */;
			buildPhases = (
				91127BEC23A392CA0098CAFE /* Sources */,
				91127BED23A392CA0098CAFE /* Frameworks */,
				91127BEE23A392CA0098CAFE /* Resources */,
			);
			buildRules = (
			);
			dependencies = (
				91127BF323A392CA0098CAFE /* PBXTargetDependency */,
			);
			name = BusinessLogicTests;
			productName = BusinessLogicTests;
			productReference = 91127BF023A392CA0098CAFE /* BusinessLogicTests.xctest */;
			productType = "com.apple.product-type.bundle.unit-test";
		};
		91127C0523A395610098CAFE /* BusinessLogic_iOS */ = {
			isa = PBXNativeTarget;
			buildConfigurationList = 91127C1B23A395620098CAFE /* Build configuration list for PBXNativeTarget "BusinessLogic_iOS" */;
			buildPhases = (
				91127C0123A395610098CAFE /* Headers */,
				91127C0223A395610098CAFE /* Sources */,
				91127C0323A395610098CAFE /* Frameworks */,
				91127C0423A395610098CAFE /* Resources */,
			);
			buildRules = (
			);
			dependencies = (
			);
			name = BusinessLogic_iOS;
			productName = BusinessLogic_iOS;
			productReference = 91127C0623A395610098CAFE /* BusinessLogic.framework */;
			productType = "com.apple.product-type.framework";
		};
		91127C0D23A395610098CAFE /* BusinessLogic_iOSTests */ = {
			isa = PBXNativeTarget;
			buildConfigurationList = 91127C1C23A395620098CAFE /* Build configuration list for PBXNativeTarget "BusinessLogic_iOSTests" */;
			buildPhases = (
				91127C0A23A395610098CAFE /* Sources */,
				91127C0B23A395610098CAFE /* Frameworks */,
				91127C0C23A395610098CAFE /* Resources */,
			);
			buildRules = (
			);
			dependencies = (
				91127C1123A395610098CAFE /* PBXTargetDependency */,
			);
			name = BusinessLogic_iOSTests;
			productName = BusinessLogic_iOSTests;
			productReference = 91127C0E23A395610098CAFE /* BusinessLogicTests.xctest */;
			productType = "com.apple.product-type.bundle.unit-test";
		};
/* End PBXNativeTarget section */

/* Begin PBXProject section */
		91127BDE23A392CA0098CAFE /* Project object */ = {
			isa = PBXProject;
			attributes = {
				LastSwiftUpdateCheck = 1120;
				LastUpgradeCheck = 1120;
				ORGANIZATIONNAME = "Vladyslav Panevnyk";
				TargetAttributes = {
					91127BE623A392CA0098CAFE = {
						CreatedOnToolsVersion = 11.2.1;
						LastSwiftMigration = 1120;
					};
					91127BEF23A392CA0098CAFE = {
						CreatedOnToolsVersion = 11.2.1;
					};
					91127C0523A395610098CAFE = {
						CreatedOnToolsVersion = 11.2.1;
						LastSwiftMigration = 1120;
					};
					91127C0D23A395610098CAFE = {
						CreatedOnToolsVersion = 11.2.1;
					};
				};
			};
			buildConfigurationList = 91127BE123A392CA0098CAFE /* Build configuration list for PBXProject "BusinessLogic" */;
			compatibilityVersion = "Xcode 9.3";
			developmentRegion = en;
			hasScannedForEncodings = 0;
			knownRegions = (
				en,
				Base,
			);
			mainGroup = 91127BDD23A392CA0098CAFE;
			productRefGroup = 91127BE823A392CA0098CAFE /* Products */;
			projectDirPath = "";
			projectRoot = "";
			targets = (
				91127BE623A392CA0098CAFE /* BusinessLogic */,
				91127BEF23A392CA0098CAFE /* BusinessLogicTests */,
				91127C0523A395610098CAFE /* BusinessLogic_iOS */,
				91127C0D23A395610098CAFE /* BusinessLogic_iOSTests */,
			);
		};
/* End PBXProject section */

/* Begin PBXResourcesBuildPhase section */
		91127BE523A392CA0098CAFE /* Resources */ = {
			isa = PBXResourcesBuildPhase;
			buildActionMask = 2147483647;
			files = (
			);
			runOnlyForDeploymentPostprocessing = 0;
		};
		91127BEE23A392CA0098CAFE /* Resources */ = {
			isa = PBXResourcesBuildPhase;
			buildActionMask = 2147483647;
			files = (
			);
			runOnlyForDeploymentPostprocessing = 0;
		};
		91127C0423A395610098CAFE /* Resources */ = {
			isa = PBXResourcesBuildPhase;
			buildActionMask = 2147483647;
			files = (
			);
			runOnlyForDeploymentPostprocessing = 0;
		};
		91127C0C23A395610098CAFE /* Resources */ = {
			isa = PBXResourcesBuildPhase;
			buildActionMask = 2147483647;
			files = (
			);
			runOnlyForDeploymentPostprocessing = 0;
		};
/* End PBXResourcesBuildPhase section */

/* Begin PBXSourcesBuildPhase section */
		91127BE323A392CA0098CAFE /* Sources */ = {
			isa = PBXSourcesBuildPhase;
			buildActionMask = 2147483647;
			files = (
				911F8DFA23E0583C00B9B48B /* HabitsArea.swift in Sources */,
				91127C9823A3AF700098CAFE /* PlaceCoordinate.swift in Sources */,
				911F8E0023E058EF00B9B48B /* HabitData.swift in Sources */,
				911F8DF723E049F600B9B48B /* EditHabitDatasInteractor.swift in Sources */,
				91AB45F123DB35DC00EDD45D /* EditHabitsAreaInteractor.swift in Sources */,
				91127C9423A3AEB10098CAFE /* Place.swift in Sources */,
				911F8DFD23E0586100B9B48B /* Habit.swift in Sources */,
				91127C9B23A3AF9B0098CAFE /* PlaceInteractor.swift in Sources */,
			);
			runOnlyForDeploymentPostprocessing = 0;
		};
		91127BEC23A392CA0098CAFE /* Sources */ = {
			isa = PBXSourcesBuildPhase;
			buildActionMask = 2147483647;
			files = (
				91AB45EE23DB359600EDD45D /* EditHabitsAreaInteractorTests.swift in Sources */,
				91AB45F423DB455C00EDD45D /* EditHabitDatasInteractorTests.swift in Sources */,
				91D6C19123A78CB400730E2D /* PlaceInteractorTests.swift in Sources */,
			);
			runOnlyForDeploymentPostprocessing = 0;
		};
		91127C0223A395610098CAFE /* Sources */ = {
			isa = PBXSourcesBuildPhase;
			buildActionMask = 2147483647;
			files = (
				911F8DFB23E0583C00B9B48B /* HabitsArea.swift in Sources */,
				91127C9923A3AF700098CAFE /* PlaceCoordinate.swift in Sources */,
				911F8E0123E058EF00B9B48B /* HabitData.swift in Sources */,
				911F8DF823E049F600B9B48B /* EditHabitDatasInteractor.swift in Sources */,
				91AB45F223DB35DC00EDD45D /* EditHabitsAreaInteractor.swift in Sources */,
				91127C9523A3AEB10098CAFE /* Place.swift in Sources */,
				911F8DFE23E0586100B9B48B /* Habit.swift in Sources */,
				91127C9C23A3AF9B0098CAFE /* PlaceInteractor.swift in Sources */,
			);
			runOnlyForDeploymentPostprocessing = 0;
		};
		91127C0A23A395610098CAFE /* Sources */ = {
			isa = PBXSourcesBuildPhase;
			buildActionMask = 2147483647;
			files = (
				91AB45EF23DB359600EDD45D /* EditHabitsAreaInteractorTests.swift in Sources */,
				91AB45F523DB455C00EDD45D /* EditHabitDatasInteractorTests.swift in Sources */,
				91D6C19223A78CB400730E2D /* PlaceInteractorTests.swift in Sources */,
			);
			runOnlyForDeploymentPostprocessing = 0;
		};
/* End PBXSourcesBuildPhase section */

/* Begin PBXTargetDependency section */
		91127BF323A392CA0098CAFE /* PBXTargetDependency */ = {
			isa = PBXTargetDependency;
			target = 91127BE623A392CA0098CAFE /* BusinessLogic */;
			targetProxy = 91127BF223A392CA0098CAFE /* PBXContainerItemProxy */;
		};
		91127C1123A395610098CAFE /* PBXTargetDependency */ = {
			isa = PBXTargetDependency;
			target = 91127C0523A395610098CAFE /* BusinessLogic_iOS */;
			targetProxy = 91127C1023A395610098CAFE /* PBXContainerItemProxy */;
		};
/* End PBXTargetDependency section */

/* Begin XCBuildConfiguration section */
		91127BF923A392CA0098CAFE /* Debug */ = {
			isa = XCBuildConfiguration;
			buildSettings = {
				ALWAYS_SEARCH_USER_PATHS = NO;
				CLANG_ANALYZER_NONNULL = YES;
				CLANG_ANALYZER_NUMBER_OBJECT_CONVERSION = YES_AGGRESSIVE;
				CLANG_CXX_LANGUAGE_STANDARD = "gnu++14";
				CLANG_CXX_LIBRARY = "libc++";
				CLANG_ENABLE_MODULES = YES;
				CLANG_ENABLE_OBJC_ARC = YES;
				CLANG_ENABLE_OBJC_WEAK = YES;
				CLANG_WARN_BLOCK_CAPTURE_AUTORELEASING = YES;
				CLANG_WARN_BOOL_CONVERSION = YES;
				CLANG_WARN_COMMA = YES;
				CLANG_WARN_CONSTANT_CONVERSION = YES;
				CLANG_WARN_DEPRECATED_OBJC_IMPLEMENTATIONS = YES;
				CLANG_WARN_DIRECT_OBJC_ISA_USAGE = YES_ERROR;
				CLANG_WARN_DOCUMENTATION_COMMENTS = YES;
				CLANG_WARN_EMPTY_BODY = YES;
				CLANG_WARN_ENUM_CONVERSION = YES;
				CLANG_WARN_INFINITE_RECURSION = YES;
				CLANG_WARN_INT_CONVERSION = YES;
				CLANG_WARN_NON_LITERAL_NULL_CONVERSION = YES;
				CLANG_WARN_OBJC_IMPLICIT_RETAIN_SELF = YES;
				CLANG_WARN_OBJC_LITERAL_CONVERSION = YES;
				CLANG_WARN_OBJC_ROOT_CLASS = YES_ERROR;
				CLANG_WARN_RANGE_LOOP_ANALYSIS = YES;
				CLANG_WARN_STRICT_PROTOTYPES = YES;
				CLANG_WARN_SUSPICIOUS_MOVE = YES;
				CLANG_WARN_UNGUARDED_AVAILABILITY = YES_AGGRESSIVE;
				CLANG_WARN_UNREACHABLE_CODE = YES;
				CLANG_WARN__DUPLICATE_METHOD_MATCH = YES;
				COPY_PHASE_STRIP = NO;
				CURRENT_PROJECT_VERSION = 1;
				DEBUG_INFORMATION_FORMAT = dwarf;
				ENABLE_STRICT_OBJC_MSGSEND = YES;
				ENABLE_TESTABILITY = YES;
				GCC_C_LANGUAGE_STANDARD = gnu11;
				GCC_DYNAMIC_NO_PIC = NO;
				GCC_NO_COMMON_BLOCKS = YES;
				GCC_OPTIMIZATION_LEVEL = 0;
				GCC_PREPROCESSOR_DEFINITIONS = (
					"DEBUG=1",
					"$(inherited)",
				);
				GCC_WARN_64_TO_32_BIT_CONVERSION = YES;
				GCC_WARN_ABOUT_RETURN_TYPE = YES_ERROR;
				GCC_WARN_UNDECLARED_SELECTOR = YES;
				GCC_WARN_UNINITIALIZED_AUTOS = YES_AGGRESSIVE;
				GCC_WARN_UNUSED_FUNCTION = YES;
				GCC_WARN_UNUSED_VARIABLE = YES;
				MACOSX_DEPLOYMENT_TARGET = 10.15;
				MTL_ENABLE_DEBUG_INFO = INCLUDE_SOURCE;
				MTL_FAST_MATH = YES;
				ONLY_ACTIVE_ARCH = YES;
				SDKROOT = macosx;
				SWIFT_ACTIVE_COMPILATION_CONDITIONS = DEBUG;
				SWIFT_OPTIMIZATION_LEVEL = "-Onone";
				VERSIONING_SYSTEM = "apple-generic";
				VERSION_INFO_PREFIX = "";
			};
			name = Debug;
		};
		91127BFA23A392CA0098CAFE /* Release */ = {
			isa = XCBuildConfiguration;
			buildSettings = {
				ALWAYS_SEARCH_USER_PATHS = NO;
				CLANG_ANALYZER_NONNULL = YES;
				CLANG_ANALYZER_NUMBER_OBJECT_CONVERSION = YES_AGGRESSIVE;
				CLANG_CXX_LANGUAGE_STANDARD = "gnu++14";
				CLANG_CXX_LIBRARY = "libc++";
				CLANG_ENABLE_MODULES = YES;
				CLANG_ENABLE_OBJC_ARC = YES;
				CLANG_ENABLE_OBJC_WEAK = YES;
				CLANG_WARN_BLOCK_CAPTURE_AUTORELEASING = YES;
				CLANG_WARN_BOOL_CONVERSION = YES;
				CLANG_WARN_COMMA = YES;
				CLANG_WARN_CONSTANT_CONVERSION = YES;
				CLANG_WARN_DEPRECATED_OBJC_IMPLEMENTATIONS = YES;
				CLANG_WARN_DIRECT_OBJC_ISA_USAGE = YES_ERROR;
				CLANG_WARN_DOCUMENTATION_COMMENTS = YES;
				CLANG_WARN_EMPTY_BODY = YES;
				CLANG_WARN_ENUM_CONVERSION = YES;
				CLANG_WARN_INFINITE_RECURSION = YES;
				CLANG_WARN_INT_CONVERSION = YES;
				CLANG_WARN_NON_LITERAL_NULL_CONVERSION = YES;
				CLANG_WARN_OBJC_IMPLICIT_RETAIN_SELF = YES;
				CLANG_WARN_OBJC_LITERAL_CONVERSION = YES;
				CLANG_WARN_OBJC_ROOT_CLASS = YES_ERROR;
				CLANG_WARN_RANGE_LOOP_ANALYSIS = YES;
				CLANG_WARN_STRICT_PROTOTYPES = YES;
				CLANG_WARN_SUSPICIOUS_MOVE = YES;
				CLANG_WARN_UNGUARDED_AVAILABILITY = YES_AGGRESSIVE;
				CLANG_WARN_UNREACHABLE_CODE = YES;
				CLANG_WARN__DUPLICATE_METHOD_MATCH = YES;
				COPY_PHASE_STRIP = NO;
				CURRENT_PROJECT_VERSION = 1;
				DEBUG_INFORMATION_FORMAT = "dwarf-with-dsym";
				ENABLE_NS_ASSERTIONS = NO;
				ENABLE_STRICT_OBJC_MSGSEND = YES;
				GCC_C_LANGUAGE_STANDARD = gnu11;
				GCC_NO_COMMON_BLOCKS = YES;
				GCC_WARN_64_TO_32_BIT_CONVERSION = YES;
				GCC_WARN_ABOUT_RETURN_TYPE = YES_ERROR;
				GCC_WARN_UNDECLARED_SELECTOR = YES;
				GCC_WARN_UNINITIALIZED_AUTOS = YES_AGGRESSIVE;
				GCC_WARN_UNUSED_FUNCTION = YES;
				GCC_WARN_UNUSED_VARIABLE = YES;
				MACOSX_DEPLOYMENT_TARGET = 10.15;
				MTL_ENABLE_DEBUG_INFO = NO;
				MTL_FAST_MATH = YES;
				SDKROOT = macosx;
				SWIFT_COMPILATION_MODE = wholemodule;
				SWIFT_OPTIMIZATION_LEVEL = "-O";
				VERSIONING_SYSTEM = "apple-generic";
				VERSION_INFO_PREFIX = "";
			};
			name = Release;
		};
		91127BFC23A392CA0098CAFE /* Debug */ = {
			isa = XCBuildConfiguration;
			buildSettings = {
				CLANG_ENABLE_MODULES = YES;
				CODE_SIGN_STYLE = Automatic;
				COMBINE_HIDPI_IMAGES = YES;
				DEFINES_MODULE = YES;
				DEVELOPMENT_TEAM = G6KD9UARPF;
				DYLIB_COMPATIBILITY_VERSION = 1;
				DYLIB_CURRENT_VERSION = 1;
				DYLIB_INSTALL_NAME_BASE = "@rpath";
				INFOPLIST_FILE = BusinessLogic/Info.plist;
				INSTALL_PATH = "$(LOCAL_LIBRARY_DIR)/Frameworks";
				LD_RUNPATH_SEARCH_PATHS = (
					"$(inherited)",
					"@executable_path/../Frameworks",
					"@loader_path/Frameworks",
				);
				PRODUCT_BUNDLE_IDENTIFIER = vp.BusinessLogic;
				PRODUCT_NAME = "$(TARGET_NAME:c99extidentifier)";
				SKIP_INSTALL = YES;
				SWIFT_OPTIMIZATION_LEVEL = "-Onone";
				SWIFT_VERSION = 5.0;
			};
			name = Debug;
		};
		91127BFD23A392CA0098CAFE /* Release */ = {
			isa = XCBuildConfiguration;
			buildSettings = {
				CLANG_ENABLE_MODULES = YES;
				CODE_SIGN_STYLE = Automatic;
				COMBINE_HIDPI_IMAGES = YES;
				DEFINES_MODULE = YES;
				DEVELOPMENT_TEAM = G6KD9UARPF;
				DYLIB_COMPATIBILITY_VERSION = 1;
				DYLIB_CURRENT_VERSION = 1;
				DYLIB_INSTALL_NAME_BASE = "@rpath";
				INFOPLIST_FILE = BusinessLogic/Info.plist;
				INSTALL_PATH = "$(LOCAL_LIBRARY_DIR)/Frameworks";
				LD_RUNPATH_SEARCH_PATHS = (
					"$(inherited)",
					"@executable_path/../Frameworks",
					"@loader_path/Frameworks",
				);
				PRODUCT_BUNDLE_IDENTIFIER = vp.BusinessLogic;
				PRODUCT_NAME = "$(TARGET_NAME:c99extidentifier)";
				SKIP_INSTALL = YES;
				SWIFT_VERSION = 5.0;
			};
			name = Release;
		};
		91127BFF23A392CA0098CAFE /* Debug */ = {
			isa = XCBuildConfiguration;
			buildSettings = {
				ALWAYS_EMBED_SWIFT_STANDARD_LIBRARIES = YES;
				CODE_SIGN_STYLE = Automatic;
				COMBINE_HIDPI_IMAGES = YES;
				DEVELOPMENT_TEAM = G6KD9UARPF;
				INFOPLIST_FILE = BusinessLogicTests/Info.plist;
				LD_RUNPATH_SEARCH_PATHS = (
					"$(inherited)",
					"@executable_path/../Frameworks",
					"@loader_path/../Frameworks",
				);
				PRODUCT_BUNDLE_IDENTIFIER = vp.BusinessLogicTests;
				PRODUCT_NAME = "$(TARGET_NAME)";
				SWIFT_VERSION = 5.0;
			};
			name = Debug;
		};
		91127C0023A392CA0098CAFE /* Release */ = {
			isa = XCBuildConfiguration;
			buildSettings = {
				ALWAYS_EMBED_SWIFT_STANDARD_LIBRARIES = YES;
				CODE_SIGN_STYLE = Automatic;
				COMBINE_HIDPI_IMAGES = YES;
				DEVELOPMENT_TEAM = G6KD9UARPF;
				INFOPLIST_FILE = BusinessLogicTests/Info.plist;
				LD_RUNPATH_SEARCH_PATHS = (
					"$(inherited)",
					"@executable_path/../Frameworks",
					"@loader_path/../Frameworks",
				);
				PRODUCT_BUNDLE_IDENTIFIER = vp.BusinessLogicTests;
				PRODUCT_NAME = "$(TARGET_NAME)";
				SWIFT_VERSION = 5.0;
			};
			name = Release;
		};
		91127C1723A395620098CAFE /* Debug */ = {
			isa = XCBuildConfiguration;
			buildSettings = {
				CLANG_ENABLE_MODULES = YES;
				CODE_SIGN_STYLE = Automatic;
				DEFINES_MODULE = YES;
				DEVELOPMENT_TEAM = G6KD9UARPF;
				DYLIB_COMPATIBILITY_VERSION = 1;
				DYLIB_CURRENT_VERSION = 1;
				DYLIB_INSTALL_NAME_BASE = "@rpath";
				INFOPLIST_FILE = BusinessLogic/Info.plist;
				INSTALL_PATH = "$(LOCAL_LIBRARY_DIR)/Frameworks";
				IPHONEOS_DEPLOYMENT_TARGET = 13.2;
				LD_RUNPATH_SEARCH_PATHS = (
					"$(inherited)",
					"@executable_path/Frameworks",
					"@loader_path/Frameworks",
				);
				PRODUCT_BUNDLE_IDENTIFIER = "vp.BusinessLogic-iOS";
				PRODUCT_NAME = BusinessLogic;
				SDKROOT = iphoneos;
				SKIP_INSTALL = YES;
				SWIFT_OPTIMIZATION_LEVEL = "-Onone";
				SWIFT_VERSION = 5.0;
				TARGETED_DEVICE_FAMILY = "1,2";
			};
			name = Debug;
		};
		91127C1823A395620098CAFE /* Release */ = {
			isa = XCBuildConfiguration;
			buildSettings = {
				CLANG_ENABLE_MODULES = YES;
				CODE_SIGN_STYLE = Automatic;
				DEFINES_MODULE = YES;
				DEVELOPMENT_TEAM = G6KD9UARPF;
				DYLIB_COMPATIBILITY_VERSION = 1;
				DYLIB_CURRENT_VERSION = 1;
				DYLIB_INSTALL_NAME_BASE = "@rpath";
				INFOPLIST_FILE = BusinessLogic/Info.plist;
				INSTALL_PATH = "$(LOCAL_LIBRARY_DIR)/Frameworks";
				IPHONEOS_DEPLOYMENT_TARGET = 13.2;
				LD_RUNPATH_SEARCH_PATHS = (
					"$(inherited)",
					"@executable_path/Frameworks",
					"@loader_path/Frameworks",
				);
				PRODUCT_BUNDLE_IDENTIFIER = "vp.BusinessLogic-iOS";
				PRODUCT_NAME = BusinessLogic;
				SDKROOT = iphoneos;
				SKIP_INSTALL = YES;
				SWIFT_VERSION = 5.0;
				TARGETED_DEVICE_FAMILY = "1,2";
				VALIDATE_PRODUCT = YES;
			};
			name = Release;
		};
		91127C1923A395620098CAFE /* Debug */ = {
			isa = XCBuildConfiguration;
			buildSettings = {
				ALWAYS_EMBED_SWIFT_STANDARD_LIBRARIES = YES;
				CODE_SIGN_STYLE = Automatic;
				DEVELOPMENT_TEAM = G6KD9UARPF;
				INFOPLIST_FILE = BusinessLogicTests/Info.plist;
				IPHONEOS_DEPLOYMENT_TARGET = 13.2;
				LD_RUNPATH_SEARCH_PATHS = (
					"$(inherited)",
					"@executable_path/Frameworks",
					"@loader_path/Frameworks",
				);
				PRODUCT_BUNDLE_IDENTIFIER = "vp.BusinessLogic-iOSTests";
				PRODUCT_NAME = BusinessLogicTests;
				SDKROOT = iphoneos;
				SWIFT_VERSION = 5.0;
				TARGETED_DEVICE_FAMILY = "1,2";
			};
			name = Debug;
		};
		91127C1A23A395620098CAFE /* Release */ = {
			isa = XCBuildConfiguration;
			buildSettings = {
				ALWAYS_EMBED_SWIFT_STANDARD_LIBRARIES = YES;
				CODE_SIGN_STYLE = Automatic;
				DEVELOPMENT_TEAM = G6KD9UARPF;
				INFOPLIST_FILE = BusinessLogicTests/Info.plist;
				IPHONEOS_DEPLOYMENT_TARGET = 13.2;
				LD_RUNPATH_SEARCH_PATHS = (
					"$(inherited)",
					"@executable_path/Frameworks",
					"@loader_path/Frameworks",
				);
				PRODUCT_BUNDLE_IDENTIFIER = "vp.BusinessLogic-iOSTests";
				PRODUCT_NAME = BusinessLogicTests;
				SDKROOT = iphoneos;
				SWIFT_VERSION = 5.0;
				TARGETED_DEVICE_FAMILY = "1,2";
				VALIDATE_PRODUCT = YES;
			};
			name = Release;
		};
/* End XCBuildConfiguration section */

/* Begin XCConfigurationList section */
		91127BE123A392CA0098CAFE /* Build configuration list for PBXProject "BusinessLogic" */ = {
			isa = XCConfigurationList;
			buildConfigurations = (
				91127BF923A392CA0098CAFE /* Debug */,
				91127BFA23A392CA0098CAFE /* Release */,
			);
			defaultConfigurationIsVisible = 0;
			defaultConfigurationName = Release;
		};
		91127BFB23A392CA0098CAFE /* Build configuration list for PBXNativeTarget "BusinessLogic" */ = {
			isa = XCConfigurationList;
			buildConfigurations = (
				91127BFC23A392CA0098CAFE /* Debug */,
				91127BFD23A392CA0098CAFE /* Release */,
			);
			defaultConfigurationIsVisible = 0;
			defaultConfigurationName = Release;
		};
		91127BFE23A392CA0098CAFE /* Build configuration list for PBXNativeTarget "BusinessLogicTests" */ = {
			isa = XCConfigurationList;
			buildConfigurations = (
				91127BFF23A392CA0098CAFE /* Debug */,
				91127C0023A392CA0098CAFE /* Release */,
			);
			defaultConfigurationIsVisible = 0;
			defaultConfigurationName = Release;
		};
		91127C1B23A395620098CAFE /* Build configuration list for PBXNativeTarget "BusinessLogic_iOS" */ = {
			isa = XCConfigurationList;
			buildConfigurations = (
				91127C1723A395620098CAFE /* Debug */,
				91127C1823A395620098CAFE /* Release */,
			);
			defaultConfigurationIsVisible = 0;
			defaultConfigurationName = Release;
		};
		91127C1C23A395620098CAFE /* Build configuration list for PBXNativeTarget "BusinessLogic_iOSTests" */ = {
			isa = XCConfigurationList;
			buildConfigurations = (
				91127C1923A395620098CAFE /* Debug */,
				91127C1A23A395620098CAFE /* Release */,
			);
			defaultConfigurationIsVisible = 0;
			defaultConfigurationName = Release;
		};
/* End XCConfigurationList section */
	};
	rootObject = 91127BDE23A392CA0098CAFE /* Project object */;
}
